# This file is automatically @generated by Poetry 1.7.1 and should not be changed by hand.

[[package]]
name = "executing"
version = "2.0.1"
description = "Get the currently executing AST node of a frame, and other information"
optional = false
python-versions = ">=3.5"
files = [
    {file = "executing-2.0.1-py2.py3-none-any.whl", hash = "sha256:eac49ca94516ccc753f9fb5ce82603156e590b27525a8bc32cce8ae302eb61bc"},
    {file = "executing-2.0.1.tar.gz", hash = "sha256:35afe2ce3affba8ee97f2d69927fa823b08b472b7b994e36a52a964b93d16147"},
]

[package.extras]
tests = ["asttokens (>=2.1.0)", "coverage", "coverage-enable-subprocess", "ipython", "littleutils", "pytest", "rich"]

[metadata]
lock-version = "2.0"
python-versions = "^3.11"
content-hash = "7474db721aa706b8228b1d77178a1d5763934f37bf74e4b22af2b76a1fed72a8"
